
Microsoft Visual Studio Solution File, Format Version 12.00
# Visual Studio 15
VisualStudioVersion = 15.0.27703.2035
MinimumVisualStudioVersion = 10.0.40219.1
Project("{FAE04EC0-301F-11D3-BF4B-00C04F79EFBC}") = "CQRS-MVC-APP", "CQRS-MVC-APP\CQRS-MVC-APP.csproj", "{87C89C5C-A365-4B01-9F1D-57E6E6696CC3}"
EndProject
Project("{FAE04EC0-301F-11D3-BF4B-00C04F79EFBC}") = "CQRS-Utils", "CQRS-Utils\CQRS-Utils.csproj", "{C359B6D8-FFAD-4AA7-993A-BBF1F8C7C1EA}"
EndProject
Project("{FAE04EC0-301F-11D3-BF4B-00C04F79EFBC}") = "CQRS", "CQRS\CQRS.csproj", "{2D299993-E03C-4343-A44B-58E33121D542}"
EndProject
Project("{FAE04EC0-301F-11D3-BF4B-00C04F79EFBC}") = "Repositories", "Repositories\Repositories.csproj", "{91F49574-81B2-4725-A670-1848C2CDD9F9}"
EndProject
Global
	GlobalSection(SolutionConfigurationPlatforms) = preSolution
		Debug|Any CPU = Debug|Any CPU
		Release|Any CPU = Release|Any CPU
	EndGlobalSection
	GlobalSection(ProjectConfigurationPlatforms) = postSolution
		{87C89C5C-A365-4B01-9F1D-57E6E6696CC3}.Debug|Any CPU.ActiveCfg = Debug|Any CPU
		{87C89C5C-A365-4B01-9F1D-57E6E6696CC3}.Debug|Any CPU.Build.0 = Debug|Any CPU
		{87C89C5C-A365-4B01-9F1D-57E6E6696CC3}.Release|Any CPU.ActiveCfg = Release|Any CPU
		{87C89C5C-A365-4B01-9F1D-57E6E6696CC3}.Release|Any CPU.Build.0 = Release|Any CPU
		{C359B6D8-FFAD-4AA7-993A-BBF1F8C7C1EA}.Debug|Any CPU.ActiveCfg = Debug|Any CPU
		{C359B6D8-FFAD-4AA7-993A-BBF1F8C7C1EA}.Debug|Any CPU.Build.0 = Debug|Any CPU
		{C359B6D8-FFAD-4AA7-993A-BBF1F8C7C1EA}.Release|Any CPU.ActiveCfg = Release|Any CPU
		{C359B6D8-FFAD-4AA7-993A-BBF1F8C7C1EA}.Release|Any CPU.Build.0 = Release|Any CPU
		{2D299993-E03C-4343-A44B-58E33121D542}.Debug|Any CPU.ActiveCfg = Debug|Any CPU
		{2D299993-E03C-4343-A44B-58E33121D542}.Debug|Any CPU.Build.0 = Debug|Any CPU
		{2D299993-E03C-4343-A44B-58E33121D542}.Release|Any CPU.ActiveCfg = Release|Any CPU
		{2D299993-E03C-4343-A44B-58E33121D542}.Release|Any CPU.Build.0 = Release|Any CPU
		{91F49574-81B2-4725-A670-1848C2CDD9F9}.Debug|Any CPU.ActiveCfg = Debug|Any CPU
		{91F49574-81B2-4725-A670-1848C2CDD9F9}.Debug|Any CPU.Build.0 = Debug|Any CPU
		{91F49574-81B2-4725-A670-1848C2CDD9F9}.Release|Any CPU.ActiveCfg = Release|Any CPU
		{91F49574-81B2-4725-A670-1848C2CDD9F9}.Release|Any CPU.Build.0 = Release|Any CPU
	EndGlobalSection
	GlobalSection(SolutionProperties) = preSolution
		HideSolutionNode = FALSE
	EndGlobalSection
	GlobalSection(ExtensibilityGlobals) = postSolution
		SolutionGuid = {27DD43C9-9FBD-4940-8B46-6813D7D441CE}
	EndGlobalSection
EndGlobal
